
Microsoft Visual Studio Solution File, Format Version 12.00
# Visual Studio Version 17
VisualStudioVersion = 17.3.32811.315
MinimumVisualStudioVersion = 10.0.40219.1
Project("{FAE04EC0-301F-11D3-BF4B-00C04F79EFBC}") = "MovieApi", "MovieApi\MovieApi.csproj", "{1B74D27D-D78D-4F8D-B045-BA06CE3333B3}"
EndProject
Global
	GlobalSection(SolutionConfigurationPlatforms) = preSolution
		Debug|Any CPU = Debug|Any CPU
		Release|Any CPU = Release|Any CPU
	EndGlobalSection
	GlobalSection(ProjectConfigurationPlatforms) = postSolution
		{1B74D27D-D78D-4F8D-B045-BA06CE3333B3}.Debug|Any CPU.ActiveCfg = Debug|Any CPU
		{1B74D27D-D78D-4F8D-B045-BA06CE3333B3}.Debug|Any CPU.Build.0 = Debug|Any CPU
		{1B74D27D-D78D-4F8D-B045-BA06CE3333B3}.Release|Any CPU.ActiveCfg = Release|Any CPU
		{1B74D27D-D78D-4F8D-B045-BA06CE3333B3}.Release|Any CPU.Build.0 = Release|Any CPU
	EndGlobalSection
	GlobalSection(SolutionProperties) = preSolution
		HideSolutionNode = FALSE
	EndGlobalSection
	GlobalSection(ExtensibilityGlobals) = postSolution
		SolutionGuid = {7F4725EE-D939-425F-9147-7B13B24D8A7F}
	EndGlobalSection
EndGlobal
